// !$*UTF8*$!
{
	archiveVersion = 1;
	classes = {
	};
	objectVersion = 46;
	objects = {

/* Begin PBXAggregateTarget section */
		3D46796714598AD0000E8ECC /* BuildFramework */ = {
			isa = PBXAggregateTarget;
			buildConfigurationList = 3D46796814598AD0000E8ECC /* Build configuration list for PBXAggregateTarget "BuildFramework" */;
			buildPhases = (
				3D46796B14598ADB000E8ECC /* ShellScript */,
			);
			dependencies = (
			);
			name = BuildFramework;
			productName = BuildFramework;
		};
/* End PBXAggregateTarget section */

/* Begin PBXBuildFile section */
		3D46796C14598B2D000E8ECC /* png.c in Sources */ = {isa = PBXBuildFile; fileRef = 3D60A31E1459858600EEFDEB /* png.c */; };
		3D46796D14598B2D000E8ECC /* pngerror.c in Sources */ = {isa = PBXBuildFile; fileRef = 3D60A3221459858600EEFDEB /* pngerror.c */; };
		3D46796E14598B2D000E8ECC /* pngget.c in Sources */ = {isa = PBXBuildFile; fileRef = 3D60A3231459858600EEFDEB /* pngget.c */; };
		3D46796F14598B2D000E8ECC /* pngmem.c in Sources */ = {isa = PBXBuildFile; fileRef = 3D60A3251459858600EEFDEB /* pngmem.c */; };
		3D46797014598B2D000E8ECC /* pngpread.c in Sources */ = {isa = PBXBuildFile; fileRef = 3D60A3261459858600EEFDEB /* pngpread.c */; };
		3D46797114598B2D000E8ECC /* pngread.c in Sources */ = {isa = PBXBuildFile; fileRef = 3D60A3281459858600EEFDEB /* pngread.c */; };
		3D46797214598B2D000E8ECC /* pngrio.c in Sources */ = {isa = PBXBuildFile; fileRef = 3D60A3291459858600EEFDEB /* pngrio.c */; };
		3D46797314598B2D000E8ECC /* pngrtran.c in Sources */ = {isa = PBXBuildFile; fileRef = 3D60A32A1459858600EEFDEB /* pngrtran.c */; };
		3D46797414598B2D000E8ECC /* pngrutil.c in Sources */ = {isa = PBXBuildFile; fileRef = 3D60A32B1459858600EEFDEB /* pngrutil.c */; };
		3D46797514598B2D000E8ECC /* pngset.c in Sources */ = {isa = PBXBuildFile; fileRef = 3D60A32C1459858600EEFDEB /* pngset.c */; };
		3D46797714598B73000E8ECC /* png.h in Headers */ = {isa = PBXBuildFile; fileRef = 3D60A31F1459858600EEFDEB /* png.h */; settings = {ATTRIBUTES = (Public, ); }; };
		3D46797814598B98000E8ECC /* pngconf.h in Headers */ = {isa = PBXBuildFile; fileRef = 3D60A3201459858600EEFDEB /* pngconf.h */; settings = {ATTRIBUTES = (Public, ); }; };
		3D46797914598BAA000E8ECC /* pngdebug.h in Headers */ = {isa = PBXBuildFile; fileRef = 3D60A3211459858600EEFDEB /* pngdebug.h */; settings = {ATTRIBUTES = (Public, ); }; };
		3D46797A14598BAF000E8ECC /* pnginfo.h in Headers */ = {isa = PBXBuildFile; fileRef = 3D60A3241459858600EEFDEB /* pnginfo.h */; settings = {ATTRIBUTES = (Public, ); }; };
		3D46797B14598BBA000E8ECC /* pngpriv.h in Headers */ = {isa = PBXBuildFile; fileRef = 3D60A3271459858600EEFDEB /* pngpriv.h */; settings = {ATTRIBUTES = (Private, ); }; };
		3D46797C14598BC1000E8ECC /* pngstruct.h in Headers */ = {isa = PBXBuildFile; fileRef = 3D60A32D1459858600EEFDEB /* pngstruct.h */; settings = {ATTRIBUTES = (Public, ); }; };
		3D60A3121459853900EEFDEB /* Foundation.framework in Frameworks */ = {isa = PBXBuildFile; fileRef = 3D60A3111459853900EEFDEB /* Foundation.framework */; };
		3D60A32E1459858600EEFDEB /* png.c in Sources */ = {isa = PBXBuildFile; fileRef = 3D60A31E1459858600EEFDEB /* png.c */; };
		3D60A32F1459858600EEFDEB /* png.h in Headers */ = {isa = PBXBuildFile; fileRef = 3D60A31F1459858600EEFDEB /* png.h */; };
		3D60A3301459858600EEFDEB /* pngconf.h in Headers */ = {isa = PBXBuildFile; fileRef = 3D60A3201459858600EEFDEB /* pngconf.h */; };
		3D60A3311459858600EEFDEB /* pngdebug.h in Headers */ = {isa = PBXBuildFile; fileRef = 3D60A3211459858600EEFDEB /* pngdebug.h */; };
		3D60A3321459858600EEFDEB /* pngerror.c in Sources */ = {isa = PBXBuildFile; fileRef = 3D60A3221459858600EEFDEB /* pngerror.c */; };
		3D60A3331459858600EEFDEB /* pngget.c in Sources */ = {isa = PBXBuildFile; fileRef = 3D60A3231459858600EEFDEB /* pngget.c */; };
		3D60A3341459858600EEFDEB /* pnginfo.h in Headers */ = {isa = PBXBuildFile; fileRef = 3D60A3241459858600EEFDEB /* pnginfo.h */; };
		3D60A3351459858600EEFDEB /* pngmem.c in Sources */ = {isa = PBXBuildFile; fileRef = 3D60A3251459858600EEFDEB /* pngmem.c */; };
		3D60A3361459858600EEFDEB /* pngpread.c in Sources */ = {isa = PBXBuildFile; fileRef = 3D60A3261459858600EEFDEB /* pngpread.c */; };
		3D60A3371459858600EEFDEB /* pngpriv.h in Headers */ = {isa = PBXBuildFile; fileRef = 3D60A3271459858600EEFDEB /* pngpriv.h */; };
		3D60A3381459858600EEFDEB /* pngread.c in Sources */ = {isa = PBXBuildFile; fileRef = 3D60A3281459858600EEFDEB /* pngread.c */; };
		3D60A3391459858600EEFDEB /* pngrio.c in Sources */ = {isa = PBXBuildFile; fileRef = 3D60A3291459858600EEFDEB /* pngrio.c */; };
		3D60A33A1459858600EEFDEB /* pngrtran.c in Sources */ = {isa = PBXBuildFile; fileRef = 3D60A32A1459858600EEFDEB /* pngrtran.c */; };
		3D60A33B1459858600EEFDEB /* pngrutil.c in Sources */ = {isa = PBXBuildFile; fileRef = 3D60A32B1459858600EEFDEB /* pngrutil.c */; };
		3D60A33C1459858600EEFDEB /* pngset.c in Sources */ = {isa = PBXBuildFile; fileRef = 3D60A32C1459858600EEFDEB /* pngset.c */; };
		3D60A33D1459858600EEFDEB /* pngstruct.h in Headers */ = {isa = PBXBuildFile; fileRef = 3D60A32D1459858600EEFDEB /* pngstruct.h */; };
		3D60A33F145985F100EEFDEB /* pnglibconf.h in Headers */ = {isa = PBXBuildFile; fileRef = 3D60A33E145985F100EEFDEB /* pnglibconf.h */; };
		3D60A3571459864A00EEFDEB /* InfoPlist.strings in Resources */ = {isa = PBXBuildFile; fileRef = 3D60A3551459864A00EEFDEB /* InfoPlist.strings */; };
		3DFF84441459DBC900E234A9 /* pnglibconf.h in Headers */ = {isa = PBXBuildFile; fileRef = 3D60A33E145985F100EEFDEB /* pnglibconf.h */; settings = {ATTRIBUTES = (Public, ); }; };
		3DFF845C1459E14100E234A9 /* pngtrans.c in Sources */ = {isa = PBXBuildFile; fileRef = 3DFF84561459E14000E234A9 /* pngtrans.c */; };
		3DFF845D1459E14100E234A9 /* pngtrans.c in Sources */ = {isa = PBXBuildFile; fileRef = 3DFF84561459E14000E234A9 /* pngtrans.c */; };
		3DFF84601459E14100E234A9 /* pngwio.c in Sources */ = {isa = PBXBuildFile; fileRef = 3DFF84581459E14000E234A9 /* pngwio.c */; };
		3DFF84611459E14100E234A9 /* pngwio.c in Sources */ = {isa = PBXBuildFile; fileRef = 3DFF84581459E14000E234A9 /* pngwio.c */; };
		3DFF84621459E14100E234A9 /* pngwrite.c in Sources */ = {isa = PBXBuildFile; fileRef = 3DFF84591459E14000E234A9 /* pngwrite.c */; };
		3DFF84631459E14100E234A9 /* pngwrite.c in Sources */ = {isa = PBXBuildFile; fileRef = 3DFF84591459E14000E234A9 /* pngwrite.c */; };
		3DFF84641459E14100E234A9 /* pngwtran.c in Sources */ = {isa = PBXBuildFile; fileRef = 3DFF845A1459E14100E234A9 /* pngwtran.c */; };
		3DFF84651459E14100E234A9 /* pngwtran.c in Sources */ = {isa = PBXBuildFile; fileRef = 3DFF845A1459E14100E234A9 /* pngwtran.c */; };
		3DFF84661459E14100E234A9 /* pngwutil.c in Sources */ = {isa = PBXBuildFile; fileRef = 3DFF845B1459E14100E234A9 /* pngwutil.c */; };
		3DFF84671459E14100E234A9 /* pngwutil.c in Sources */ = {isa = PBXBuildFile; fileRef = 3DFF845B1459E14100E234A9 /* pngwutil.c */; };
/* End PBXBuildFile section */

/* Begin PBXFileReference section */
		3D60A30E1459853900EEFDEB /* liblibpng.a */ = {isa = PBXFileReference; explicitFileType = archive.ar; includeInIndex = 0; path = liblibpng.a; sourceTree = BUILT_PRODUCTS_DIR; };
		3D60A3111459853900EEFDEB /* Foundation.framework */ = {isa = PBXFileReference; lastKnownFileType = wrapper.framework; name = Foundation.framework; path = System/Library/Frameworks/Foundation.framework; sourceTree = SDKROOT; };
		3D60A3151459853900EEFDEB /* libpng-Prefix.pch */ = {isa = PBXFileReference; lastKnownFileType = sourcecode.c.h; path = "libpng-Prefix.pch"; sourceTree = "<group>"; };
		3D60A31E1459858600EEFDEB /* png.c */ = {isa = PBXFileReference; fileEncoding = 4; lastKnownFileType = sourcecode.c.c; path = png.c; sourceTree = "<group>"; };
		3D60A31F1459858600EEFDEB /* png.h */ = {isa = PBXFileReference; fileEncoding = 4; lastKnownFileType = sourcecode.c.h; path = png.h; sourceTree = "<group>"; };
		3D60A3201459858600EEFDEB /* pngconf.h */ = {isa = PBXFileReference; fileEncoding = 4; lastKnownFileType = sourcecode.c.h; path = pngconf.h; sourceTree = "<group>"; };
		3D60A3211459858600EEFDEB /* pngdebug.h */ = {isa = PBXFileReference; fileEncoding = 4; lastKnownFileType = sourcecode.c.h; path = pngdebug.h; sourceTree = "<group>"; };
		3D60A3221459858600EEFDEB /* pngerror.c */ = {isa = PBXFileReference; fileEncoding = 4; lastKnownFileType = sourcecode.c.c; path = pngerror.c; sourceTree = "<group>"; };
		3D60A3231459858600EEFDEB /* pngget.c */ = {isa = PBXFileReference; fileEncoding = 4; lastKnownFileType = sourcecode.c.c; path = pngget.c; sourceTree = "<group>"; };
		3D60A3241459858600EEFDEB /* pnginfo.h */ = {isa = PBXFileReference; fileEncoding = 4; lastKnownFileType = sourcecode.c.h; path = pnginfo.h; sourceTree = "<group>"; };
		3D60A3251459858600EEFDEB /* pngmem.c */ = {isa = PBXFileReference; fileEncoding = 4; lastKnownFileType = sourcecode.c.c; path = pngmem.c; sourceTree = "<group>"; };
		3D60A3261459858600EEFDEB /* pngpread.c */ = {isa = PBXFileReference; fileEncoding = 4; lastKnownFileType = sourcecode.c.c; path = pngpread.c; sourceTree = "<group>"; };
		3D60A3271459858600EEFDEB /* pngpriv.h */ = {isa = PBXFileReference; fileEncoding = 4; lastKnownFileType = sourcecode.c.h; path = pngpriv.h; sourceTree = "<group>"; };
		3D60A3281459858600EEFDEB /* pngread.c */ = {isa = PBXFileReference; fileEncoding = 4; lastKnownFileType = sourcecode.c.c; path = pngread.c; sourceTree = "<group>"; };
		3D60A3291459858600EEFDEB /* pngrio.c */ = {isa = PBXFileReference; fileEncoding = 4; lastKnownFileType = sourcecode.c.c; path = pngrio.c; sourceTree = "<group>"; };
		3D60A32A1459858600EEFDEB /* pngrtran.c */ = {isa = PBXFileReference; fileEncoding = 4; lastKnownFileType = sourcecode.c.c; path = pngrtran.c; sourceTree = "<group>"; };
		3D60A32B1459858600EEFDEB /* pngrutil.c */ = {isa = PBXFileReference; fileEncoding = 4; lastKnownFileType = sourcecode.c.c; path = pngrutil.c; sourceTree = "<group>"; };
		3D60A32C1459858600EEFDEB /* pngset.c */ = {isa = PBXFileReference; fileEncoding = 4; lastKnownFileType = sourcecode.c.c; path = pngset.c; sourceTree = "<group>"; };
		3D60A32D1459858600EEFDEB /* pngstruct.h */ = {isa = PBXFileReference; fileEncoding = 4; lastKnownFileType = sourcecode.c.h; path = pngstruct.h; sourceTree = "<group>"; };
		3D60A33E145985F100EEFDEB /* pnglibconf.h */ = {isa = PBXFileReference; fileEncoding = 4; lastKnownFileType = sourcecode.c.h; path = pnglibconf.h; sourceTree = "<group>"; };
		3D60A34B1459864A00EEFDEB /* libpng.framework */ = {isa = PBXFileReference; explicitFileType = wrapper.cfbundle; includeInIndex = 0; path = libpng.framework; sourceTree = BUILT_PRODUCTS_DIR; };
		3D60A34C1459864A00EEFDEB /* Cocoa.framework */ = {isa = PBXFileReference; lastKnownFileType = wrapper.framework; name = Cocoa.framework; path = Library/Frameworks/Cocoa.framework; sourceTree = DEVELOPER_DIR; };
		3D60A34F1459864A00EEFDEB /* AppKit.framework */ = {isa = PBXFileReference; lastKnownFileType = wrapper.framework; name = AppKit.framework; path = Library/Frameworks/AppKit.framework; sourceTree = SDKROOT; };
		3D60A3501459864A00EEFDEB /* CoreData.framework */ = {isa = PBXFileReference; lastKnownFileType = wrapper.framework; name = CoreData.framework; path = Library/Frameworks/CoreData.framework; sourceTree = SDKROOT; };
		3D60A3511459864A00EEFDEB /* Foundation.framework */ = {isa = PBXFileReference; lastKnownFileType = wrapper.framework; name = Foundation.framework; path = Library/Frameworks/Foundation.framework; sourceTree = SDKROOT; };
		3D60A3541459864A00EEFDEB /* Framework-Info.plist */ = {isa = PBXFileReference; lastKnownFileType = text.plist.xml; path = "Framework-Info.plist"; sourceTree = "<group>"; };
		3D60A3561459864A00EEFDEB /* en */ = {isa = PBXFileReference; lastKnownFileType = text.plist.strings; name = en; path = en.lproj/InfoPlist.strings; sourceTree = "<group>"; };
		3D60A3581459864A00EEFDEB /* Framework-Prefix.pch */ = {isa = PBXFileReference; lastKnownFileType = sourcecode.c.h; path = "Framework-Prefix.pch"; sourceTree = "<group>"; };
		3DFF84561459E14000E234A9 /* pngtrans.c */ = {isa = PBXFileReference; fileEncoding = 4; lastKnownFileType = sourcecode.c.c; path = pngtrans.c; sourceTree = "<group>"; };
		3DFF84581459E14000E234A9 /* pngwio.c */ = {isa = PBXFileReference; fileEncoding = 4; lastKnownFileType = sourcecode.c.c; path = pngwio.c; sourceTree = "<group>"; };
		3DFF84591459E14000E234A9 /* pngwrite.c */ = {isa = PBXFileReference; fileEncoding = 4; lastKnownFileType = sourcecode.c.c; path = pngwrite.c; sourceTree = "<group>"; };
		3DFF845A1459E14100E234A9 /* pngwtran.c */ = {isa = PBXFileReference; fileEncoding = 4; lastKnownFileType = sourcecode.c.c; path = pngwtran.c; sourceTree = "<group>"; };
		3DFF845B1459E14100E234A9 /* pngwutil.c */ = {isa = PBXFileReference; fileEncoding = 4; lastKnownFileType = sourcecode.c.c; path = pngwutil.c; sourceTree = "<group>"; };
/* End PBXFileReference section */

/* Begin PBXFrameworksBuildPhase section */
		3D60A30B1459853900EEFDEB /* Frameworks */ = {
			isa = PBXFrameworksBuildPhase;
			buildActionMask = 2147483647;
			files = (
				3D60A3121459853900EEFDEB /* Foundation.framework in Frameworks */,
			);
			runOnlyForDeploymentPostprocessing = 0;
		};
		3D60A3481459864A00EEFDEB /* Frameworks */ = {
			isa = PBXFrameworksBuildPhase;
			buildActionMask = 2147483647;
			files = (
			);
			runOnlyForDeploymentPostprocessing = 0;
		};
/* End PBXFrameworksBuildPhase section */

/* Begin PBXGroup section */
		3D60A3031459853900EEFDEB = {
			isa = PBXGroup;
			children = (
				3D60A3131459853900EEFDEB /* libpng */,
				3D60A3521459864A00EEFDEB /* Framework */,
				3D60A3101459853900EEFDEB /* Frameworks */,
				3D60A30F1459853900EEFDEB /* Products */,
			);
			sourceTree = "<group>";
		};
		3D60A30F1459853900EEFDEB /* Products */ = {
			isa = PBXGroup;
			children = (
				3D60A30E1459853900EEFDEB /* liblibpng.a */,
				3D60A34B1459864A00EEFDEB /* libpng.framework */,
			);
			name = Products;
			sourceTree = "<group>";
		};
		3D60A3101459853900EEFDEB /* Frameworks */ = {
			isa = PBXGroup;
			children = (
				3D60A3111459853900EEFDEB /* Foundation.framework */,
				3D60A34C1459864A00EEFDEB /* Cocoa.framework */,
				3D60A34E1459864A00EEFDEB /* Other Frameworks */,
			);
			name = Frameworks;
			sourceTree = "<group>";
		};
		3D60A3131459853900EEFDEB /* libpng */ = {
			isa = PBXGroup;
			children = (
				3DFF84561459E14000E234A9 /* pngtrans.c */,
				3DFF84581459E14000E234A9 /* pngwio.c */,
				3DFF84591459E14000E234A9 /* pngwrite.c */,
				3DFF845A1459E14100E234A9 /* pngwtran.c */,
				3DFF845B1459E14100E234A9 /* pngwutil.c */,
				3D60A33E145985F100EEFDEB /* pnglibconf.h */,
				3D60A31E1459858600EEFDEB /* png.c */,
				3D60A31F1459858600EEFDEB /* png.h */,
				3D60A3201459858600EEFDEB /* pngconf.h */,
				3D60A3211459858600EEFDEB /* pngdebug.h */,
				3D60A3221459858600EEFDEB /* pngerror.c */,
				3D60A3231459858600EEFDEB /* pngget.c */,
				3D60A3241459858600EEFDEB /* pnginfo.h */,
				3D60A3251459858600EEFDEB /* pngmem.c */,
				3D60A3261459858600EEFDEB /* pngpread.c */,
				3D60A3271459858600EEFDEB /* pngpriv.h */,
				3D60A3281459858600EEFDEB /* pngread.c */,
				3D60A3291459858600EEFDEB /* pngrio.c */,
				3D60A32A1459858600EEFDEB /* pngrtran.c */,
				3D60A32B1459858600EEFDEB /* pngrutil.c */,
				3D60A32C1459858600EEFDEB /* pngset.c */,
				3D60A32D1459858600EEFDEB /* pngstruct.h */,
				3D60A3141459853900EEFDEB /* Supporting Files */,
			);
			path = libpng;
			sourceTree = "<group>";
		};
		3D60A3141459853900EEFDEB /* Supporting Files */ = {
			isa = PBXGroup;
			children = (
				3D60A3151459853900EEFDEB /* libpng-Prefix.pch */,
			);
			name = "Supporting Files";
			sourceTree = "<group>";
		};
		3D60A34E1459864A00EEFDEB /* Other Frameworks */ = {
			isa = PBXGroup;
			children = (
				3D60A34F1459864A00EEFDEB /* AppKit.framework */,
				3D60A3501459864A00EEFDEB /* CoreData.framework */,
				3D60A3511459864A00EEFDEB /* Foundation.framework */,
			);
			name = "Other Frameworks";
			sourceTree = "<group>";
		};
		3D60A3521459864A00EEFDEB /* Framework */ = {
			isa = PBXGroup;
			children = (
				3D60A3531459864A00EEFDEB /* Supporting Files */,
			);
			path = Framework;
			sourceTree = "<group>";
		};
		3D60A3531459864A00EEFDEB /* Supporting Files */ = {
			isa = PBXGroup;
			children = (
				3D60A3541459864A00EEFDEB /* Framework-Info.plist */,
				3D60A3551459864A00EEFDEB /* InfoPlist.strings */,
				3D60A3581459864A00EEFDEB /* Framework-Prefix.pch */,
			);
			name = "Supporting Files";
			sourceTree = "<group>";
		};
/* End PBXGroup section */

/* Begin PBXHeadersBuildPhase section */
		3D46797614598B69000E8ECC /* Headers */ = {
			isa = PBXHeadersBuildPhase;
			buildActionMask = 2147483647;
			files = (
				3D46797714598B73000E8ECC /* png.h in Headers */,
				3D46797914598BAA000E8ECC /* pngdebug.h in Headers */,
				3D46797C14598BC1000E8ECC /* pngstruct.h in Headers */,
				3D46797A14598BAF000E8ECC /* pnginfo.h in Headers */,
				3D46797814598B98000E8ECC /* pngconf.h in Headers */,
				3D46797B14598BBA000E8ECC /* pngpriv.h in Headers */,
				3DFF84441459DBC900E234A9 /* pnglibconf.h in Headers */,
			);
			runOnlyForDeploymentPostprocessing = 0;
		};
		3D60A30C1459853900EEFDEB /* Headers */ = {
			isa = PBXHeadersBuildPhase;
			buildActionMask = 2147483647;
			files = (
				3D60A32F1459858600EEFDEB /* png.h in Headers */,
				3D60A3301459858600EEFDEB /* pngconf.h in Headers */,
				3D60A3311459858600EEFDEB /* pngdebug.h in Headers */,
				3D60A3341459858600EEFDEB /* pnginfo.h in Headers */,
				3D60A3371459858600EEFDEB /* pngpriv.h in Headers */,
				3D60A33D1459858600EEFDEB /* pngstruct.h in Headers */,
				3D60A33F145985F100EEFDEB /* pnglibconf.h in Headers */,
			);
			runOnlyForDeploymentPostprocessing = 0;
		};
/* End PBXHeadersBuildPhase section */

/* Begin PBXNativeTarget section */
		3D60A30D1459853900EEFDEB /* libpng */ = {
			isa = PBXNativeTarget;
			buildConfigurationList = 3D60A31B1459853900EEFDEB /* Build configuration list for PBXNativeTarget "libpng" */;
			buildPhases = (
				3D60A30A1459853900EEFDEB /* Sources */,
				3D60A30B1459853900EEFDEB /* Frameworks */,
				3D60A30C1459853900EEFDEB /* Headers */,
			);
			buildRules = (
			);
			dependencies = (
			);
			name = libpng;
			productName = libpng;
			productReference = 3D60A30E1459853900EEFDEB /* liblibpng.a */;
			productType = "com.apple.product-type.library.static";
		};
		3D60A34A1459864A00EEFDEB /* Framework */ = {
			isa = PBXNativeTarget;
			buildConfigurationList = 3D60A3591459864A00EEFDEB /* Build configuration list for PBXNativeTarget "Framework" */;
			buildPhases = (
				3D60A3471459864A00EEFDEB /* Sources */,
				3D60A3481459864A00EEFDEB /* Frameworks */,
				3D60A3491459864A00EEFDEB /* Resources */,
				3D46797614598B69000E8ECC /* Headers */,
			);
			buildRules = (
			);
			dependencies = (
			);
			name = Framework;
			productName = Framework;
			productReference = 3D60A34B1459864A00EEFDEB /* libpng.framework */;
			productType = "com.apple.product-type.bundle";
		};
/* End PBXNativeTarget section */

/* Begin PBXProject section */
		3D60A3051459853900EEFDEB /* Project object */ = {
			isa = PBXProject;
			attributes = {
				LastUpgradeCheck = 0420;
				ORGANIZATIONNAME = "Tamajii Inc";
			};
			buildConfigurationList = 3D60A3081459853900EEFDEB /* Build configuration list for PBXProject "libpng" */;
			compatibilityVersion = "Xcode 3.2";
			developmentRegion = English;
			hasScannedForEncodings = 0;
			knownRegions = (
				en,
			);
			mainGroup = 3D60A3031459853900EEFDEB;
			productRefGroup = 3D60A30F1459853900EEFDEB /* Products */;
			projectDirPath = "";
			projectRoot = "";
			targets = (
				3D60A30D1459853900EEFDEB /* libpng */,
				3D60A34A1459864A00EEFDEB /* Framework */,
				3D46796714598AD0000E8ECC /* BuildFramework */,
			);
		};
/* End PBXProject section */

/* Begin PBXResourcesBuildPhase section */
		3D60A3491459864A00EEFDEB /* Resources */ = {
			isa = PBXResourcesBuildPhase;
			buildActionMask = 2147483647;
			files = (
				3D60A3571459864A00EEFDEB /* InfoPlist.strings in Resources */,
			);
			runOnlyForDeploymentPostprocessing = 0;
		};
/* End PBXResourcesBuildPhase section */

/* Begin PBXShellScriptBuildPhase section */
		3D46796B14598ADB000E8ECC /* ShellScript */ = {
			isa = PBXShellScriptBuildPhase;
			buildActionMask = 2147483647;
			files = (
			);
			inputPaths = (
			);
			outputPaths = (
			);
			runOnlyForDeploymentPostprocessing = 0;
			shellPath = /bin/sh;
			shellScript = "# Sets the target folders and the final framework product.\nFMK_NAME=libpng\nFMK_TARGET=Framework\nFMK_VERSION=A\n\n# Install dir will be the final output to the framework.\n# The following line create it in the root folder of the current project.\nINSTALL_DIR=${SRCROOT}/Products/${FMK_NAME}.framework\nDOC_INSTALL_DIR=${SRCROOT}/Products/Documentation\n\n# Working dir will be deleted after the framework creation.\nWRK_DIR=build\nDEVICE_DIR=${WRK_DIR}/Release-iphoneos/${FMK_NAME}.framework\nSIMULATOR_DIR=${WRK_DIR}/Release-iphonesimulator/${FMK_NAME}.framework\n\n# Building both architectures.\nxcodebuild -configuration \"Release\" -target \"${FMK_TARGET}\" -sdk iphoneos -project \"${FMK_NAME}.xcodeproj\"\nxcodebuild -configuration \"Release\" -target \"${FMK_TARGET}\" -sdk iphonesimulator -project \"${FMK_NAME}.xcodeproj\"\n\n# Cleaning the oldest.\nif [ -d \"${INSTALL_DIR}\" ]\nthen\nrm -rf \"${INSTALL_DIR}\"\nfi\n\n# Creates and renews the final product folder.\nmkdir -p \"${INSTALL_DIR}\"\nmkdir -p \"${INSTALL_DIR}/Versions\"\nmkdir -p \"${INSTALL_DIR}/Versions/${FMK_VERSION}\"\nmkdir -p \"${INSTALL_DIR}/Versions/${FMK_VERSION}/Resources\"\nmkdir -p \"${INSTALL_DIR}/Versions/${FMK_VERSION}/Headers\"\n\n# Creates the internal links.\n# It MUST uses relative path, otherwise will not work when the folder is copied/moved.\nln -s \"${FMK_VERSION}\" \"${INSTALL_DIR}/Versions/Current\"\nln -s \"Versions/Current/Headers\" \"${INSTALL_DIR}/Headers\"\nln -s \"Versions/Current/Resources\" \"${INSTALL_DIR}/Resources\"\nln -s \"Versions/Current/${FMK_NAME}\" \"${INSTALL_DIR}/${FMK_NAME}\"\n\n# Copies the headers and resources files to the final product folder.\ncp -R \"${DEVICE_DIR}/Headers/\" \"${INSTALL_DIR}/Versions/${FMK_VERSION}/Headers/\"\ncp -R \"${DEVICE_DIR}/\" \"${INSTALL_DIR}/Versions/${FMK_VERSION}/Resources/\"\n\n# Removes the binary and header from the resources folder.\nrm -r \"${INSTALL_DIR}/Versions/${FMK_VERSION}/Resources/Headers\" \"${INSTALL_DIR}/Versions/${FMK_VERSION}/Resources/${FMK_NAME}\"\n\n# Uses the Lipo Tool to merge both binary files (i386 + armv6/armv7) into one Universal final product.\nlipo -create \"${DEVICE_DIR}/${FMK_NAME}\" \"${SIMULATOR_DIR}/${FMK_NAME}\" -output \"${INSTALL_DIR}/Versions/${FMK_VERSION}/${FMK_NAME}\"\n\nrm -r \"${WRK_DIR}\"";
		};
/* End PBXShellScriptBuildPhase section */

/* Begin PBXSourcesBuildPhase section */
		3D60A30A1459853900EEFDEB /* Sources */ = {
			isa = PBXSourcesBuildPhase;
			buildActionMask = 2147483647;
			files = (
				3D60A32E1459858600EEFDEB /* png.c in Sources */,
				3D60A3321459858600EEFDEB /* pngerror.c in Sources */,
				3D60A3331459858600EEFDEB /* pngget.c in Sources */,
				3D60A3351459858600EEFDEB /* pngmem.c in Sources */,
				3D60A3361459858600EEFDEB /* pngpread.c in Sources */,
				3D60A3381459858600EEFDEB /* pngread.c in Sources */,
				3D60A3391459858600EEFDEB /* pngrio.c in Sources */,
				3D60A33A1459858600EEFDEB /* pngrtran.c in Sources */,
				3D60A33B1459858600EEFDEB /* pngrutil.c in Sources */,
				3D60A33C1459858600EEFDEB /* pngset.c in Sources */,
				3DFF845C1459E14100E234A9 /* pngtrans.c in Sources */,
				3DFF84601459E14100E234A9 /* pngwio.c in Sources */,
				3DFF84621459E14100E234A9 /* pngwrite.c in Sources */,
				3DFF84641459E14100E234A9 /* pngwtran.c in Sources */,
				3DFF84661459E14100E234A9 /* pngwutil.c in Sources */,
			);
			runOnlyForDeploymentPostprocessing = 0;
		};
		3D60A3471459864A00EEFDEB /* Sources */ = {
			isa = PBXSourcesBuildPhase;
			buildActionMask = 2147483647;
			files = (
				3D46796C14598B2D000E8ECC /* png.c in Sources */,
				3D46796D14598B2D000E8ECC /* pngerror.c in Sources */,
				3D46796E14598B2D000E8ECC /* pngget.c in Sources */,
				3D46796F14598B2D000E8ECC /* pngmem.c in Sources */,
				3D46797014598B2D000E8ECC /* pngpread.c in Sources */,
				3D46797114598B2D000E8ECC /* pngread.c in Sources */,
				3D46797214598B2D000E8ECC /* pngrio.c in Sources */,
				3D46797314598B2D000E8ECC /* pngrtran.c in Sources */,
				3D46797414598B2D000E8ECC /* pngrutil.c in Sources */,
				3D46797514598B2D000E8ECC /* pngset.c in Sources */,
				3DFF845D1459E14100E234A9 /* pngtrans.c in Sources */,
				3DFF84611459E14100E234A9 /* pngwio.c in Sources */,
				3DFF84631459E14100E234A9 /* pngwrite.c in Sources */,
				3DFF84651459E14100E234A9 /* pngwtran.c in Sources */,
				3DFF84671459E14100E234A9 /* pngwutil.c in Sources */,
			);
			runOnlyForDeploymentPostprocessing = 0;
		};
/* End PBXSourcesBuildPhase section */

/* Begin PBXVariantGroup section */
		3D60A3551459864A00EEFDEB /* InfoPlist.strings */ = {
			isa = PBXVariantGroup;
			children = (
				3D60A3561459864A00EEFDEB /* en */,
			);
			name = InfoPlist.strings;
			sourceTree = "<group>";
		};
/* End PBXVariantGroup section */

/* Begin XCBuildConfiguration section */
		3D46796914598AD0000E8ECC /* Debug */ = {
			isa = XCBuildConfiguration;
			buildSettings = {
				PRODUCT_NAME = "$(TARGET_NAME)";
			};
			name = Debug;
		};
		3D46796A14598AD0000E8ECC /* Release */ = {
			isa = XCBuildConfiguration;
			buildSettings = {
				PRODUCT_NAME = "$(TARGET_NAME)";
			};
			name = Release;
		};
		3D60A3191459853900EEFDEB /* Debug */ = {
			isa = XCBuildConfiguration;
			buildSettings = {
				ALWAYS_SEARCH_USER_PATHS = NO;
				ARCHS = "$(ARCHS_STANDARD_32_BIT)";
				COPY_PHASE_STRIP = NO;
				GCC_C_LANGUAGE_STANDARD = gnu99;
				GCC_DYNAMIC_NO_PIC = NO;
				GCC_OPTIMIZATION_LEVEL = 0;
				GCC_PREPROCESSOR_DEFINITIONS = (
					"DEBUG=1",
					"$(inherited)",
				);
				GCC_SYMBOLS_PRIVATE_EXTERN = NO;
				GCC_VERSION = com.apple.compilers.llvm.clang.1_0;
				GCC_WARN_ABOUT_MISSING_PROTOTYPES = YES;
				GCC_WARN_ABOUT_RETURN_TYPE = YES;
				GCC_WARN_UNUSED_VARIABLE = YES;
				IPHONEOS_DEPLOYMENT_TARGET = 5.0;
				SDKROOT = iphoneos;
			};
			name = Debug;
		};
		3D60A31A1459853900EEFDEB /* Release */ = {
			isa = XCBuildConfiguration;
			buildSettings = {
				ALWAYS_SEARCH_USER_PATHS = NO;
				ARCHS = "$(ARCHS_STANDARD_32_BIT)";
				COPY_PHASE_STRIP = YES;
				GCC_C_LANGUAGE_STANDARD = gnu99;
				GCC_VERSION = com.apple.compilers.llvm.clang.1_0;
				GCC_WARN_ABOUT_MISSING_PROTOTYPES = YES;
				GCC_WARN_ABOUT_RETURN_TYPE = YES;
				GCC_WARN_UNUSED_VARIABLE = YES;
				IPHONEOS_DEPLOYMENT_TARGET = 5.0;
				SDKROOT = iphoneos;
				VALIDATE_PRODUCT = YES;
			};
			name = Release;
		};
		3D60A31C1459853900EEFDEB /* Debug */ = {
			isa = XCBuildConfiguration;
			buildSettings = {
				DSTROOT = /tmp/libpng.dst;
				GCC_PRECOMPILE_PREFIX_HEADER = YES;
				GCC_PREFIX_HEADER = "libpng/libpng-Prefix.pch";
				GCC_PREPROCESSOR_DEFINITIONS = (
					"DEBUG=1",
					BUILD_STATIC,
					"$(inherited)",
				);
				OTHER_LDFLAGS = "-ObjC";
				PRODUCT_NAME = "$(TARGET_NAME)";
				SKIP_INSTALL = YES;
			};
			name = Debug;
		};
		3D60A31D1459853900EEFDEB /* Release */ = {
			isa = XCBuildConfiguration;
			buildSettings = {
				DSTROOT = /tmp/libpng.dst;
				GCC_PRECOMPILE_PREFIX_HEADER = YES;
				GCC_PREFIX_HEADER = "libpng/libpng-Prefix.pch";
				GCC_PREPROCESSOR_DEFINITIONS = BUILD_STATIC;
				OTHER_LDFLAGS = "-ObjC";
				PRODUCT_NAME = "$(TARGET_NAME)";
				SKIP_INSTALL = YES;
			};
			name = Release;
		};
		3D60A35A1459864A00EEFDEB /* Debug */ = {
			isa = XCBuildConfiguration;
			buildSettings = {
				ARCHS = "$(ARCHS_STANDARD_32_BIT)";
				DEAD_CODE_STRIPPING = NO;
				FRAMEWORK_SEARCH_PATHS = (
					"$(inherited)",
					"\"$(DEVELOPER_FRAMEWORKS_DIR)\"",
					"\"$(SRCROOT)/\"",
				);
				GCC_ENABLE_OBJC_EXCEPTIONS = YES;
				GCC_GENERATE_DEBUGGING_SYMBOLS = NO;
				GCC_PRECOMPILE_PREFIX_HEADER = YES;
				GCC_PREFIX_HEADER = "Framework/Framework-Prefix.pch";
				GCC_PREPROCESSOR_DEFINITIONS = (
					BUILD_STATIC,
					"DEBUG=1",
					"$(inherited)",
				);
				GCC_VERSION = "";
				GCC_WARN_64_TO_32_BIT_CONVERSION = YES;
				INFOPLIST_FILE = "Framework/Framework-Info.plist";
				INSTALL_PATH = "$(LOCAL_LIBRARY_DIR)/Bundles";
				IPHONEOS_DEPLOYMENT_TARGET = 4.3;
				LINK_WITH_STANDARD_LIBRARIES = NO;
				MACH_O_TYPE = mh_object;
				MACOSX_DEPLOYMENT_TARGET = 10.7;
				ONLY_ACTIVE_ARCH = NO;
				PRODUCT_NAME = libpng;
				SDKROOT = iphoneos;
				WRAPPER_EXTENSION = framework;
			};
			name = Debug;
		};
		3D60A35B1459864A00EEFDEB /* Release */ = {
			isa = XCBuildConfiguration;
			buildSettings = {
				ARCHS = "$(ARCHS_STANDARD_32_BIT)";
				DEAD_CODE_STRIPPING = NO;
				DEBUG_INFORMATION_FORMAT = "dwarf-with-dsym";
				FRAMEWORK_SEARCH_PATHS = (
					"$(inherited)",
					"\"$(DEVELOPER_FRAMEWORKS_DIR)\"",
					"\"$(SRCROOT)/\"",
				);
				GCC_ENABLE_OBJC_EXCEPTIONS = YES;
				GCC_GENERATE_DEBUGGING_SYMBOLS = NO;
				GCC_PRECOMPILE_PREFIX_HEADER = YES;
				GCC_PREFIX_HEADER = "Framework/Framework-Prefix.pch";
				GCC_PREPROCESSOR_DEFINITIONS = BUILD_STATIC;
				GCC_VERSION = "";
				GCC_WARN_64_TO_32_BIT_CONVERSION = YES;
				INFOPLIST_FILE = "Framework/Framework-Info.plist";
				INSTALL_PATH = "$(LOCAL_LIBRARY_DIR)/Bundles";
				IPHONEOS_DEPLOYMENT_TARGET = 4.3;
				LINK_WITH_STANDARD_LIBRARIES = NO;
				MACH_O_TYPE = mh_object;
				MACOSX_DEPLOYMENT_TARGET = 10.7;
				ONLY_ACTIVE_ARCH = NO;
				PRODUCT_NAME = libpng;
				SDKROOT = iphoneos;
				WRAPPER_EXTENSION = framework;
			};
			name = Release;
		};
/* End XCBuildConfiguration section */

/* Begin XCConfigurationList section */
		3D46796814598AD0000E8ECC /* Build configuration list for PBXAggregateTarget "BuildFramework" */ = {
			isa = XCConfigurationList;
			buildConfigurations = (
				3D46796914598AD0000E8ECC /* Debug */,
				3D46796A14598AD0000E8ECC /* Release */,
			);
			defaultConfigurationIsVisible = 0;
			defaultConfigurationName = Release;
		};
		3D60A3081459853900EEFDEB /* Build configuration list for PBXProject "libpng" */ = {
			isa = XCConfigurationList;
			buildConfigurations = (
				3D60A3191459853900EEFDEB /* Debug */,
				3D60A31A1459853900EEFDEB /* Release */,
			);
			defaultConfigurationIsVisible = 0;
			defaultConfigurationName = Release;
		};
		3D60A31B1459853900EEFDEB /* Build configuration list for PBXNativeTarget "libpng" */ = {
			isa = XCConfigurationList;
			buildConfigurations = (
				3D60A31C1459853900EEFDEB /* Debug */,
				3D60A31D1459853900EEFDEB /* Release */,
			);
			defaultConfigurationIsVisible = 0;
			defaultConfigurationName = Release;
		};
		3D60A3591459864A00EEFDEB /* Build configuration list for PBXNativeTarget "Framework" */ = {
			isa = XCConfigurationList;
			buildConfigurations = (
				3D60A35A1459864A00EEFDEB /* Debug */,
				3D60A35B1459864A00EEFDEB /* Release */,
			);
			defaultConfigurationIsVisible = 0;
			defaultConfigurationName = Release;
		};
/* End XCConfigurationList section */
	};
	rootObject = 3D60A3051459853900EEFDEB /* Project object */;
}
